
Microsoft Visual Studio Solution File, Format Version 12.00
# Visual Studio 15
VisualStudioVersion = 15.0.28307.852
MinimumVisualStudioVersion = 10.0.40219.1
Project("{FAE04EC0-301F-11D3-BF4B-00C04F79EFBC}") = "EjercicioPlagas", "EjercicioPlagas\EjercicioPlagas.csproj", "{8939A786-E7D4-4FA9-9CD9-E14D3ADD0BA7}"
EndProject
Global
	GlobalSection(SolutionConfigurationPlatforms) = preSolution
		Debug|Any CPU = Debug|Any CPU
		Release|Any CPU = Release|Any CPU
	EndGlobalSection
	GlobalSection(ProjectConfigurationPlatforms) = postSolution
		{8939A786-E7D4-4FA9-9CD9-E14D3ADD0BA7}.Debug|Any CPU.ActiveCfg = Debug|Any CPU
		{8939A786-E7D4-4FA9-9CD9-E14D3ADD0BA7}.Debug|Any CPU.Build.0 = Debug|Any CPU
		{8939A786-E7D4-4FA9-9CD9-E14D3ADD0BA7}.Release|Any CPU.ActiveCfg = Release|Any CPU
		{8939A786-E7D4-4FA9-9CD9-E14D3ADD0BA7}.Release|Any CPU.Build.0 = Release|Any CPU
	EndGlobalSection
	GlobalSection(SolutionProperties) = preSolution
		HideSolutionNode = FALSE
	EndGlobalSection
	GlobalSection(ExtensibilityGlobals) = postSolution
		SolutionGuid = {26A98BF2-7476-4A07-AE64-46ED6C2E9F54}
	EndGlobalSection
	GlobalSection(TeamFoundationVersionControl) = preSolution
		SccNumberOfProjects = 2
		SccEnterpriseProvider = {4CA58AB2-18FA-4F8D-95D4-32DDF27D184C}
		SccTeamFoundationServer = https://joseteam.visualstudio.com/
		SccLocalPath0 = .
		SccProjectUniqueName1 = EjercicioPlagas\\EjercicioPlagas.csproj
		SccProjectName1 = EjercicioPlagas
		SccLocalPath1 = EjercicioPlagas
	EndGlobalSection
EndGlobal
